// !$*UTF8*$!
{
	archiveVersion = 1;
	classes = {
	};
	objectVersion = 46;
	objects = {

/* Begin PBXBuildFile section */
		6F50CF5E1DA4F9FD00E84970 /* AppDelegate.swift in Sources */ = {isa = PBXBuildFile; fileRef = 6F50CF5D1DA4F9FD00E84970 /* AppDelegate.swift */; };
		6F50CF601DA4F9FD00E84970 /* ViewController.swift in Sources */ = {isa = PBXBuildFile; fileRef = 6F50CF5F1DA4F9FD00E84970 /* ViewController.swift */; };
		6F50CF631DA4F9FD00E84970 /* Main.storyboard in Resources */ = {isa = PBXBuildFile; fileRef = 6F50CF611DA4F9FD00E84970 /* Main.storyboard */; };
		6F50CF651DA4F9FD00E84970 /* Assets.xcassets in Resources */ = {isa = PBXBuildFile; fileRef = 6F50CF641DA4F9FD00E84970 /* Assets.xcassets */; };
		6F50CF681DA4F9FD00E84970 /* LaunchScreen.storyboard in Resources */ = {isa = PBXBuildFile; fileRef = 6F50CF661DA4F9FD00E84970 /* LaunchScreen.storyboard */; };
/* End PBXBuildFile section */

/* Begin PBXFileReference section */
		6F50CF5A1DA4F9FD00E84970 /* Metalldetektor.app */ = {isa = PBXFileReference; explicitFileType = wrapper.application; includeInIndex = 0; path = Metalldetektor.app; sourceTree = BUILT_PRODUCTS_DIR; };
		6F50CF5D1DA4F9FD00E84970 /* AppDelegate.swift */ = {isa = PBXFileReference; lastKnownFileType = sourcecode.swift; path = AppDelegate.swift; sourceTree = "<group>"; };
		6F50CF5F1DA4F9FD00E84970 /* ViewController.swift */ = {isa = PBXFileReference; lastKnownFileType = sourcecode.swift; path = ViewController.swift; sourceTree = "<group>"; };
		6F50CF621DA4F9FD00E84970 /* Base */ = {isa = PBXFileReference; lastKnownFileType = file.storyboard; name = Base; path = Base.lproj/Main.storyboard; sourceTree = "<group>"; };
		6F50CF641DA4F9FD00E84970 /* Assets.xcassets */ = {isa = PBXFileReference; lastKnownFileType = folder.assetcatalog; path = Assets.xcassets; sourceTree = "<group>"; };
		6F50CF671DA4F9FD00E84970 /* Base */ = {isa = PBXFileReference; lastKnownFileType = file.storyboard; name = Base; path = Base.lproj/LaunchScreen.storyboard; sourceTree = "<group>"; };
		6F50CF691DA4F9FD00E84970 /* Info.plist */ = {isa = PBXFileReference; lastKnownFileType = text.plist.xml; path = Info.plist; sourceTree = "<group>"; };
/* End PBXFileReference section */

/* Begin PBXFrameworksBuildPhase section */
		6F50CF571DA4F9FD00E84970 /* Frameworks */ = {
			isa = PBXFrameworksBuildPhase;
			buildActionMask = 2147483647;
			files = (
			);
			runOnlyForDeploymentPostprocessing = 0;
		};
/* End PBXFrameworksBuildPhase section */

/* Begin PBXGroup section */
		6F50CF511DA4F9FD00E84970 = {
			isa = PBXGroup;
			children = (
				6F50CF5C1DA4F9FD00E84970 /* Metalldetektor */,
				6F50CF5B1DA4F9FD00E84970 /* Products */,
			);
			sourceTree = "<group>";
		};
		6F50CF5B1DA4F9FD00E84970 /* Products */ = {
			isa = PBXGroup;
			children = (
				6F50CF5A1DA4F9FD00E84970 /* Metalldetektor.app */,
			);
			name = Products;
			sourceTree = "<group>";
		};
		6F50CF5C1DA4F9FD00E84970 /* Metalldetektor */ = {
			isa = PBXGroup;
			children = (
				6F50CF5D1DA4F9FD00E84970 /* AppDelegate.swift */,
				6F50CF5F1DA4F9FD00E84970 /* ViewController.swift */,
				6F50CF611DA4F9FD00E84970 /* Main.storyboard */,
				6F50CF641DA4F9FD00E84970 /* Assets.xcassets */,
				6F50CF661DA4F9FD00E84970 /* LaunchScreen.storyboard */,
				6F50CF691DA4F9FD00E84970 /* Info.plist */,
			);
			path = Metalldetektor;
			sourceTree = "<group>";
		};
/* End PBXGroup section */

/* Begin PBXNativeTarget section */
		6F50CF591DA4F9FD00E84970 /* Metalldetektor */ = {
			isa = PBXNativeTarget;
			buildConfigurationList = 6F50CF6C1DA4F9FD00E84970 /* Build configuration list for PBXNativeTarget "Metalldetektor" */;
			buildPhases = (
				6F50CF561DA4F9FD00E84970 /* Sources */,
				6F50CF571DA4F9FD00E84970 /* Frameworks */,
				6F50CF581DA4F9FD00E84970 /* Resources */,
			);
			buildRules = (
			);
			dependencies = (
			);
			name = Metalldetektor;
			productName = Metalldetektor;
			productReference = 6F50CF5A1DA4F9FD00E84970 /* Metalldetektor.app */;
			productType = "com.apple.product-type.application";
		};
/* End PBXNativeTarget section */

/* Begin PBXProject section */
		6F50CF521DA4F9FD00E84970 /* Project object */ = {
			isa = PBXProject;
			attributes = {
				LastSwiftUpdateCheck = 0800;
				LastUpgradeCheck = 0800;
				ORGANIZATIONNAME = "Lukas Bühler";
				TargetAttributes = {
					6F50CF591DA4F9FD00E84970 = {
						CreatedOnToolsVersion = 8.0;
						DevelopmentTeam = WJ3MX3Y7U8;
						ProvisioningStyle = Automatic;
					};
				};
			};
			buildConfigurationList = 6F50CF551DA4F9FD00E84970 /* Build configuration list for PBXProject "Metalldetektor" */;
			compatibilityVersion = "Xcode 3.2";
			developmentRegion = English;
			hasScannedForEncodings = 0;
			knownRegions = (
				en,
				Base,
			);
			mainGroup = 6F50CF511DA4F9FD00E84970;
			productRefGroup = 6F50CF5B1DA4F9FD00E84970 /* Products */;
			projectDirPath = "";
			projectRoot = "";
			targets = (
				6F50CF591DA4F9FD00E84970 /* Metalldetektor */,
			);
		};
/* End PBXProject section */

/* Begin PBXResourcesBuildPhase section */
		6F50CF581DA4F9FD00E84970 /* Resources */ = {
			isa = PBXResourcesBuildPhase;
			buildActionMask = 2147483647;
			files = (
				6F50CF681DA4F9FD00E84970 /* LaunchScreen.storyboard in Resources */,
				6F50CF651DA4F9FD00E84970 /* Assets.xcassets in Resources */,
				6F50CF631DA4F9FD00E84970 /* Main.storyboard in Resources */,
			);
			runOnlyForDeploymentPostprocessing = 0;
		};
/* End PBXResourcesBuildPhase section */

/* Begin PBXSourcesBuildPhase section */
		6F50CF561DA4F9FD00E84970 /* Sources */ = {
			isa = PBXSourcesBuildPhase;
			buildActionMask = 2147483647;
			files = (
				6F50CF601DA4F9FD00E84970 /* ViewController.swift in Sources */,
				6F50CF5E1DA4F9FD00E84970 /* AppDelegate.swift in Sources */,
			);
			runOnlyForDeploymentPostprocessing = 0;
		};
/* End PBXSourcesBuildPhase section */

/* Begin PBXVariantGroup section */
		6F50CF611DA4F9FD00E84970 /* Main.storyboard */ = {
			isa = PBXVariantGroup;
			children = (
				6F50CF621DA4F9FD00E84970 /* Base */,
			);
			name = Main.storyboard;
			sourceTree = "<group>";
		};
		6F50CF661DA4F9FD00E84970 /* LaunchScreen.storyboard */ = {
			isa = PBXVariantGroup;
			children = (
				6F50CF671DA4F9FD00E84970 /* Base */,
			);
			name = LaunchScreen.storyboard;
			sourceTree = "<group>";
		};
/* End PBXVariantGroup section */

/* Begin XCBuildConfiguration section */
		6F50CF6A1DA4F9FD00E84970 /* Debug */ = {
			isa = XCBuildConfiguration;
			buildSettings = {
				ALWAYS_SEARCH_USER_PATHS = NO;
				CLANG_ANALYZER_NONNULL = YES;
				CLANG_CXX_LANGUAGE_STANDARD = "gnu++0x";
				CLANG_CXX_LIBRARY = "libc++";
				CLANG_ENABLE_MODULES = YES;
				CLANG_ENABLE_OBJC_ARC = YES;
				CLANG_WARN_BOOL_CONVERSION = YES;
				CLANG_WARN_CONSTANT_CONVERSION = YES;
				CLANG_WARN_DIRECT_OBJC_ISA_USAGE = YES_ERROR;
				CLANG_WARN_DOCUMENTATION_COMMENTS = YES;
				CLANG_WARN_EMPTY_BODY = YES;
				CLANG_WARN_ENUM_CONVERSION = YES;
				CLANG_WARN_INFINITE_RECURSION = YES;
				CLANG_WARN_INT_CONVERSION = YES;
				CLANG_WARN_OBJC_ROOT_CLASS = YES_ERROR;
				CLANG_WARN_SUSPICIOUS_MOVES = YES;
				CLANG_WARN_UNREACHABLE_CODE = YES;
				CLANG_WARN__DUPLICATE_METHOD_MATCH = YES;
				"CODE_SIGN_IDENTITY[sdk=iphoneos*]" = "iPhone Developer";
				COPY_PHASE_STRIP = NO;
				DEBUG_INFORMATION_FORMAT = dwarf;
				ENABLE_STRICT_OBJC_MSGSEND = YES;
				ENABLE_TESTABILITY = YES;
				GCC_C_LANGUAGE_STANDARD = gnu99;
				GCC_DYNAMIC_NO_PIC = NO;
				GCC_NO_COMMON_BLOCKS = YES;
				GCC_OPTIMIZATION_LEVEL = 0;
				GCC_PREPROCESSOR_DEFINITIONS = (
					"DEBUG=1",
					"$(inherited)",
				);
				GCC_WARN_64_TO_32_BIT_CONVERSION = YES;
				GCC_WARN_ABOUT_RETURN_TYPE = YES_ERROR;
				GCC_WARN_UNDECLARED_SELECTOR = YES;
				GCC_WARN_UNINITIALIZED_AUTOS = YES_AGGRESSIVE;
				GCC_WARN_UNUSED_FUNCTION = YES;
				GCC_WARN_UNUSED_VARIABLE = YES;
				IPHONEOS_DEPLOYMENT_TARGET = 10.0;
				MTL_ENABLE_DEBUG_INFO = YES;
				ONLY_ACTIVE_ARCH = YES;
				SDKROOT = iphoneos;
				SWIFT_ACTIVE_COMPILATION_CONDITIONS = DEBUG;
				SWIFT_OPTIMIZATION_LEVEL = "-Onone";
			};
			name = Debug;
		};
		6F50CF6B1DA4F9FD00E84970 /* Release */ = {
			isa = XCBuildConfiguration;
			buildSettings = {
				ALWAYS_SEARCH_USER_PATHS = NO;
				CLANG_ANALYZER_NONNULL = YES;
				CLANG_CXX_LANGUAGE_STANDARD = "gnu++0x";
				CLANG_CXX_LIBRARY = "libc++";
				CLANG_ENABLE_MODULES = YES;
				CLANG_ENABLE_OBJC_ARC = YES;
				CLANG_WARN_BOOL_CONVERSION = YES;
				CLANG_WARN_CONSTANT_CONVERSION = YES;
				CLANG_WARN_DIRECT_OBJC_ISA_USAGE = YES_ERROR;
				CLANG_WARN_DOCUMENTATION_COMMENTS = YES;
				CLANG_WARN_EMPTY_BODY = YES;
				CLANG_WARN_ENUM_CONVERSION = YES;
				CLANG_WARN_INFINITE_RECURSION = YES;
				CLANG_WARN_INT_CONVERSION = YES;
				CLANG_WARN_OBJC_ROOT_CLASS = YES_ERROR;
				CLANG_WARN_SUSPICIOUS_MOVES = YES;
				CLANG_WARN_UNREACHABLE_CODE = YES;
				CLANG_WARN__DUPLICATE_METHOD_MATCH = YES;
				"CODE_SIGN_IDENTITY[sdk=iphoneos*]" = "iPhone Developer";
				COPY_PHASE_STRIP = NO;
				DEBUG_INFORMATION_FORMAT = "dwarf-with-dsym";
				ENABLE_NS_ASSERTIONS = NO;
				ENABLE_STRICT_OBJC_MSGSEND = YES;
				GCC_C_LANGUAGE_STANDARD = gnu99;
				GCC_NO_COMMON_BLOCKS = YES;
				GCC_WARN_64_TO_32_BIT_CONVERSION = YES;
				GCC_WARN_ABOUT_RETURN_TYPE = YES_ERROR;
				GCC_WARN_UNDECLARED_SELECTOR = YES;
				GCC_WARN_UNINITIALIZED_AUTOS = YES_AGGRESSIVE;
				GCC_WARN_UNUSED_FUNCTION = YES;
				GCC_WARN_UNUSED_VARIABLE = YES;
				IPHONEOS_DEPLOYMENT_TARGET = 10.0;
				MTL_ENABLE_DEBUG_INFO = NO;
				SDKROOT = iphoneos;
				SWIFT_OPTIMIZATION_LEVEL = "-Owholemodule";
				VALIDATE_PRODUCT = YES;
			};
			name = Release;
		};
		6F50CF6D1DA4F9FD00E84970 /* Debug */ = {
			isa = XCBuildConfiguration;
			buildSettings = {
				ASSETCATALOG_COMPILER_APPICON_NAME = AppIcon;
				DEVELOPMENT_TEAM = WJ3MX3Y7U8;
				INFOPLIST_FILE = Metalldetektor/Info.plist;
				LD_RUNPATH_SEARCH_PATHS = "$(inherited) @executable_path/Frameworks";
				PRODUCT_BUNDLE_IDENTIFIER = com.lukasBuehler.Metalldetektor;
				PRODUCT_NAME = "$(TARGET_NAME)";
				SWIFT_VERSION = 3.0;
			};
			name = Debug;
		};
		6F50CF6E1DA4F9FD00E84970 /* Release */ = {
			isa = XCBuildConfiguration;
			buildSettings = {
				ASSETCATALOG_COMPILER_APPICON_NAME = AppIcon;
				DEVELOPMENT_TEAM = WJ3MX3Y7U8;
				INFOPLIST_FILE = Metalldetektor/Info.plist;
				LD_RUNPATH_SEARCH_PATHS = "$(inherited) @executable_path/Frameworks";
				PRODUCT_BUNDLE_IDENTIFIER = com.lukasBuehler.Metalldetektor;
				PRODUCT_NAME = "$(TARGET_NAME)";
				SWIFT_VERSION = 3.0;
			};
			name = Release;
		};
/* End XCBuildConfiguration section */

/* Begin XCConfigurationList section */
		6F50CF551DA4F9FD00E84970 /* Build configuration list for PBXProject "Metalldetektor" */ = {
			isa = XCConfigurationList;
			buildConfigurations = (
				6F50CF6A1DA4F9FD00E84970 /* Debug */,
				6F50CF6B1DA4F9FD00E84970 /* Release */,
			);
			defaultConfigurationIsVisible = 0;
			defaultConfigurationName = Release;
		};
		6F50CF6C1DA4F9FD00E84970 /* Build configuration list for PBXNativeTarget "Metalldetektor" */ = {
			isa = XCConfigurationList;
			buildConfigurations = (
				6F50CF6D1DA4F9FD00E84970 /* Debug */,
				6F50CF6E1DA4F9FD00E84970 /* Release */,
			);
			defaultConfigurationIsVisible = 0;
		};
/* End XCConfigurationList section */
	};
	rootObject = 6F50CF521DA4F9FD00E84970 /* Project object */;
}
